<?xml version="1.0" encoding="utf-8"?>
<Project ToolsVersion="4.0" xmlns="http://schemas.microsoft.com/developer/msbuild/2003">
  <ItemGroup>
    <Filter Include="Source Files">
      <UniqueIdentifier>{4FC737F1-C7A5-4376-A066-2A32D752A2FF}</UniqueIdentifier>
      <Extensions>cpp;c;cxx;def;odl;idl;hpj;bat;asm;asmx</Extensions>
    </Filter>
    <Filter Include="Header Files">
      <UniqueIdentifier>{93995380-89BD-4b04-88EB-625FBE52EBFB}</UniqueIdentifier>
      <Extensions>h;hpp;hxx;hm;inl;inc;xsd</Extensions>
    </Filter>
    <Filter Include="Source Files\windows">
      <UniqueIdentifier>{7e8186c3-1a3d-46c8-891f-67e8bcca4f9b}</UniqueIdentifier>
    </Filter>
    <Filter Include="Header Files\windows">
      <UniqueIdentifier>{cf6755ea-d5a7-40b8-8b19-4334c8e5f68c}</UniqueIdentifier>
    </Filter>
    <Filter Include="Source Files\lib%255ctsreader">
      <UniqueIdentifier>{92e516fb-095e-4782-a9ca-355e8361e76d}</UniqueIdentifier>
    </Filter>
    <Filter Include="Source Files\lib%255ctsreader\windows">
      <UniqueIdentifier>{71982712-a19a-4af3-83d5-add491c3c147}</UniqueIdentifier>
    </Filter>
    <Filter Include="Header Files\lib%255ctsreader">
      <UniqueIdentifier>{cbd532af-b6be-46ee-bcd7-1ba8c9742bdb}</UniqueIdentifier>
    </Filter>
    <Filter Include="Header Files\lib%255ctsreader\windows">
      <UniqueIdentifier>{d246253c-65e8-4771-8007-8f6863e0234d}</UniqueIdentifier>
    </Filter>
  </ItemGroup>
  <ItemGroup>
    <ClCompile Include="..\..\src\Cards.cpp">
      <Filter>Source Files</Filter>
    </ClCompile>
    <ClCompile Include="..\..\src\channels.cpp">
      <Filter>Source Files</Filter>
    </ClCompile>
    <ClCompile Include="..\..\src\client.cpp">
      <Filter>Source Files</Filter>
    </ClCompile>
    <ClCompile Include="..\..\src\epg.cpp">
      <Filter>Source Files</Filter>
    </ClCompile>
    <ClCompile Include="..\..\src\GenreTable.cpp">
      <Filter>Source Files</Filter>
    </ClCompile>
    <ClCompile Include="..\..\src\pvrclient-mediaportal.cpp">
      <Filter>Source Files</Filter>
    </ClCompile>
    <ClCompile Include="..\..\src\recordings.cpp">
      <Filter>Source Files</Filter>
    </ClCompile>
    <ClCompile Include="..\..\src\Socket.cpp">
      <Filter>Source Files</Filter>
    </ClCompile>
    <ClCompile Include="..\..\src\timers.cpp">
      <Filter>Source Files</Filter>
    </ClCompile>
    <ClCompile Include="..\..\src\uri.cpp">
      <Filter>Source Files</Filter>
    </ClCompile>
    <ClCompile Include="..\..\src\utils.cpp">
      <Filter>Source Files</Filter>
    </ClCompile>
    <ClCompile Include="..\..\src\windows\FileUtils.cpp">
      <Filter>Source Files\windows</Filter>
    </ClCompile>
    <ClCompile Include="..\..\src\windows\WindowsUtils.cpp">
      <Filter>Source Files\windows</Filter>
    </ClCompile>
    <ClCompile Include="..\..\src\lib\tsreader\FileReader.cpp">
      <Filter>Source Files\lib%255ctsreader</Filter>
    </ClCompile>
    <ClCompile Include="..\..\src\lib\tsreader\MultiFileReader.cpp">
      <Filter>Source Files\lib%255ctsreader</Filter>
    </ClCompile>
    <ClCompile Include="..\..\src\lib\tsreader\TSReader.cpp">
      <Filter>Source Files\lib%255ctsreader</Filter>
    </ClCompile>
    <ClCompile Include="..\..\src\lib\tsreader\windows\File.cpp">
      <Filter>Source Files\lib%255ctsreader\windows</Filter>
    </ClCompile>
  </ItemGroup>
  <ItemGroup>
    <ClInclude Include="..\..\src\Cards.h">
      <Filter>Header Files</Filter>
    </ClInclude>
    <ClInclude Include="..\..\src\channels.h">
      <Filter>Header Files</Filter>
    </ClInclude>
    <ClInclude Include="..\..\src\client.h">
      <Filter>Header Files</Filter>
    </ClInclude>
    <ClInclude Include="..\..\src\epg.h">
      <Filter>Header Files</Filter>
    </ClInclude>
    <ClInclude Include="..\..\src\FileUtils.h">
      <Filter>Header Files</Filter>
    </ClInclude>
    <ClInclude Include="..\..\src\GenreTable.h">
      <Filter>Header Files</Filter>
    </ClInclude>
    <ClInclude Include="..\..\src\pvrclient-mediaportal.h">
      <Filter>Header Files</Filter>
    </ClInclude>
    <ClInclude Include="..\..\src\recordings.h">
      <Filter>Header Files</Filter>
    </ClInclude>
    <ClInclude Include="..\..\src\Socket.h">
      <Filter>Header Files</Filter>
    </ClInclude>
    <ClInclude Include="..\..\src\timers.h">
      <Filter>Header Files</Filter>
    </ClInclude>
    <ClInclude Include="..\..\src\uri.h">
      <Filter>Header Files</Filter>
    </ClInclude>
    <ClInclude Include="..\..\src\utils.h">
      <Filter>Header Files</Filter>
    </ClInclude>
    <ClInclude Include="..\..\src\windows\WindowsUtils.h">
      <Filter>Header Files\windows</Filter>
    </ClInclude>
    <ClInclude Include="..\..\src\lib\tsreader\FileReader.h">
      <Filter>Header Files\lib%255ctsreader</Filter>
    </ClInclude>
    <ClInclude Include="..\..\src\lib\tsreader\IFile.h">
      <Filter>Header Files\lib%255ctsreader</Filter>
    </ClInclude>
    <ClInclude Include="..\..\src\lib\tsreader\MultiFileReader.h">
      <Filter>Header Files\lib%255ctsreader</Filter>
    </ClInclude>
    <ClInclude Include="..\..\src\lib\tsreader\TSReader.h">
      <Filter>Header Files\lib%255ctsreader</Filter>
    </ClInclude>
    <ClInclude Include="..\..\src\lib\tsreader\windows\File.h">
      <Filter>Header Files\lib%255ctsreader\windows</Filter>
    </ClInclude>
  </ItemGroup>
</Project>
