
Microsoft Visual Studio Solution File, Format Version 11.00
# Visual C++ Express 2010
Project("{8BC9CEB8-8B4A-11D0-8D11-00A0C91BC942}") = "platform", "platform\platform.vcxproj", "{FE4573F6-A794-4AD3-B37F-49E51F1140E6}"
EndProject
Project("{8BC9CEB8-8B4A-11D0-8D11-00A0C91BC942}") = "tinyxml", "tinyxml\tinyxml.vcxproj", "{BDC7D21D-9FD9-41AA-BEC8-8B70E1448C50}"
EndProject
Project("{8BC9CEB8-8B4A-11D0-8D11-00A0C91BC942}") = "libhts", "..\..\lib\libhts\Win32\libhts_2010.vcxproj", "{00700E12-A63B-4E54-B962-4011A90584BD}"
EndProject
Global
	GlobalSection(SolutionConfigurationPlatforms) = preSolution
		Debug|Win32 = Debug|Win32
		Release|Win32 = Release|Win32
	EndGlobalSection
	GlobalSection(ProjectConfigurationPlatforms) = postSolution
		{FE4573F6-A794-4AD3-B37F-49E51F1140E6}.Debug|Win32.ActiveCfg = Debug|Win32
		{FE4573F6-A794-4AD3-B37F-49E51F1140E6}.Debug|Win32.Build.0 = Debug|Win32
		{FE4573F6-A794-4AD3-B37F-49E51F1140E6}.Release|Win32.ActiveCfg = Release|Win32
		{FE4573F6-A794-4AD3-B37F-49E51F1140E6}.Release|Win32.Build.0 = Release|Win32
		{BDC7D21D-9FD9-41AA-BEC8-8B70E1448C50}.Debug|Win32.ActiveCfg = Debug|Win32
		{BDC7D21D-9FD9-41AA-BEC8-8B70E1448C50}.Debug|Win32.Build.0 = Debug|Win32
		{BDC7D21D-9FD9-41AA-BEC8-8B70E1448C50}.Release|Win32.ActiveCfg = Release|Win32
		{BDC7D21D-9FD9-41AA-BEC8-8B70E1448C50}.Release|Win32.Build.0 = Release|Win32
		{00700E12-A63B-4E54-B962-4011A90584BD}.Debug|Win32.ActiveCfg = Debug|Win32
		{00700E12-A63B-4E54-B962-4011A90584BD}.Debug|Win32.Build.0 = Debug|Win32
		{00700E12-A63B-4E54-B962-4011A90584BD}.Release|Win32.ActiveCfg = Release|Win32
		{00700E12-A63B-4E54-B962-4011A90584BD}.Release|Win32.Build.0 = Release|Win32
	EndGlobalSection
	GlobalSection(SolutionProperties) = preSolution
		HideSolutionNode = FALSE
	EndGlobalSection
EndGlobal
