
Microsoft Visual Studio Solution File, Format Version 11.00
# Visual Studio 2010
Project("{8BC9CEB8-8B4A-11D0-8D11-00A0C91BC942}") = "platform", "platform\platform.vcxproj", "{FE4573F6-A794-4AD3-B37F-49E51F1140E6}"
EndProject
Project("{8BC9CEB8-8B4A-11D0-8D11-00A0C91BC942}") = "tinyxml", "tinyxml\tinyxml.vcxproj", "{BDC7D21D-9FD9-41AA-BEC8-8B70E1448C50}"
EndProject
Project("{8BC9CEB8-8B4A-11D0-8D11-00A0C91BC942}") = "libhts", "..\..\lib\libhts\Win32\libhts_2010.vcxproj", "{00700E12-A63B-4E54-B962-4011A90584BD}"
EndProject
Project("{8BC9CEB8-8B4A-11D0-8D11-00A0C91BC942}") = "pvr.hts", "..\..\addons\pvr.hts\project\VS2010Express\pvrclient_tvheadend.vcxproj", "{A81DC727-4D0A-4CF8-AC14-021FFF6C1E1C}"
EndProject
Project("{8BC9CEB8-8B4A-11D0-8D11-00A0C91BC942}") = "pvr.demo", "..\..\addons\pvr.demo\project\VS2010Express\pvrclient_demo.vcxproj", "{6C839B8E-2C7D-4725-8765-D6C0C10DBC06}"
EndProject
Project("{8BC9CEB8-8B4A-11D0-8D11-00A0C91BC942}") = "pvr.mediaportal.tvserver", "..\..\addons\pvr.mediaportal.tvserver\project\VS2010Express\XBMC_MediaportalTVserver.vcxproj", "{74C9642E-1988-48DC-8404-11717C355378}"
EndProject
Project("{8BC9CEB8-8B4A-11D0-8D11-00A0C91BC942}") = "pvr.vdr.vnsi", "..\..\addons\pvr.vdr.vnsi\project\VS2010Express\pvrclient_vdr_vnsi.vcxproj", "{5ACBDC4B-75D8-49DC-926F-F6F2CC7F3F99}"
EndProject
Project("{8BC9CEB8-8B4A-11D0-8D11-00A0C91BC942}") = "pvr.njoy", "..\..\addons\pvr.njoy\project\VS2010Express\pvrclient_njoy.vcxproj", "{034B992A-F669-4AC3-B462-49179731066F}"
	ProjectSection(ProjectDependencies) = postProject
		{BDC7D21D-9FD9-41AA-BEC8-8B70E1448C50} = {BDC7D21D-9FD9-41AA-BEC8-8B70E1448C50}
		{FE4573F6-A794-4AD3-B37F-49E51F1140E6} = {FE4573F6-A794-4AD3-B37F-49E51F1140E6}
	EndProjectSection
EndProject
Project("{8BC9CEB8-8B4A-11D0-8D11-00A0C91BC942}") = "libjsoncpp", "..\..\lib\jsoncpp\project\VS2010Express\libjsoncpp.vcxproj", "{F3A72A50-E295-49BA-ACD7-8696907E0351}"
EndProject
Project("{8BC9CEB8-8B4A-11D0-8D11-00A0C91BC942}") = "pvr.mythtv.cmyth", "..\..\addons\pvr.mythtv.cmyth\project\VS2010Express\pvr.mythtv.cmyth.vcxproj", "{A55ACC6B-837D-4784-8E41-66947B1D9B8C}"
	ProjectSection(ProjectDependencies) = postProject
		{F9E6874D-60A8-49BA-9393-A2105E63ABCF} = {F9E6874D-60A8-49BA-9393-A2105E63ABCF}
	EndProjectSection
EndProject
Project("{8BC9CEB8-8B4A-11D0-8D11-00A0C91BC942}") = "libcmyth", "..\..\lib\cmyth\Win32\libcmyth.vcxproj", "{F9E6874D-60A8-49BA-9393-A2105E63ABCF}"
EndProject
Project("{8BC9CEB8-8B4A-11D0-8D11-00A0C91BC942}") = "pvr.vuplus", "..\..\addons\pvr.vuplus\project\VS2010Express\pvr.vuplus.vcxproj", "{848DCDD6-7142-4507-A75A-6872A9256F3F}"
	ProjectSection(ProjectDependencies) = postProject
		{BDC7D21D-9FD9-41AA-BEC8-8B70E1448C50} = {BDC7D21D-9FD9-41AA-BEC8-8B70E1448C50}
	EndProjectSection
EndProject
Project("{8BC9CEB8-8B4A-11D0-8D11-00A0C91BC942}") = "pvr.nextpvr", "..\..\addons\pvr.nextpvr\project\VS2010Express\XBMC_NextPVR.vcxproj", "{AAE3A937-C7CA-4A43-BCFC-C39C253820CC}"
EndProject
Project("{8BC9CEB8-8B4A-11D0-8D11-00A0C91BC942}") = "pvr.dvbviewer", "..\..\addons\pvr.dvbviewer\project\VS2010Express\pvr.dvbviewer.vcxproj", "{D31D6BEB-0285-47CF-9817-F8AD2CFDF0E8}"
EndProject
Project("{8BC9CEB8-8B4A-11D0-8D11-00A0C91BC942}") = "pvr.argustv", "..\..\addons\pvr.argustv\project\VS2010Express\pvr.argustv.vcxproj", "{8D24D95E-3C4E-4DC5-ABEF-C35C938C2EBB}"
EndProject
Project("{8BC9CEB8-8B4A-11D0-8D11-00A0C91BC942}") = "pvr.iptvsimple", "..\..\addons\pvr.iptvsimple\project\VS2010Express\pvr.iptvsimple.vcxproj", "{6C67B057-CE98-4732-AABF-0E374C718815}"
EndProject
Project("{8BC9CEB8-8B4A-11D0-8D11-00A0C91BC942}") = "tinyxml2", "..\..\lib\tinyxml2\tinyxml2\tinyxml2.vcxproj", "{D1C528B6-AA02-4D29-9D61-DC08E317A70D}"
EndProject
Project("{8BC9CEB8-8B4A-11D0-8D11-00A0C91BC942}") = "libdvblinkremote", "..\..\lib\libdvblinkremote\project\VS2010Express\libdvblinkremote.vcxproj", "{DB826A81-E848-4E39-BE17-E779A49E2960}"
	ProjectSection(ProjectDependencies) = postProject
		{D1C528B6-AA02-4D29-9D61-DC08E317A70D} = {D1C528B6-AA02-4D29-9D61-DC08E317A70D}
	EndProjectSection
EndProject
Project("{8BC9CEB8-8B4A-11D0-8D11-00A0C91BC942}") = "pvr.dvblink", "..\..\addons\pvr.dvblink\project\VS2010Express\pvrclient_dvblink.vcxproj", "{F9F3E7B6-EF4C-4BD8-A921-3DE4C4268945}"
EndProject
Project("{8BC9CEB8-8B4A-11D0-8D11-00A0C91BC942}") = "pvr.wmc", "..\..\addons\pvr.wmc\project\VS2010Express\pvrclient_wmc.vcxproj", "{6834B003-2511-4745-818D-F418E87DD941}"
EndProject
Global
	GlobalSection(SolutionConfigurationPlatforms) = preSolution
		Debug|Win32 = Debug|Win32
		Debug|x64 = Debug|x64
		Release|Win32 = Release|Win32
		Release|x64 = Release|x64
	EndGlobalSection
	GlobalSection(ProjectConfigurationPlatforms) = postSolution
		{FE4573F6-A794-4AD3-B37F-49E51F1140E6}.Debug|Win32.ActiveCfg = Debug|Win32
		{FE4573F6-A794-4AD3-B37F-49E51F1140E6}.Debug|Win32.Build.0 = Debug|Win32
		{FE4573F6-A794-4AD3-B37F-49E51F1140E6}.Debug|x64.ActiveCfg = Debug|Win32
		{FE4573F6-A794-4AD3-B37F-49E51F1140E6}.Release|Win32.ActiveCfg = Release|Win32
		{FE4573F6-A794-4AD3-B37F-49E51F1140E6}.Release|Win32.Build.0 = Release|Win32
		{FE4573F6-A794-4AD3-B37F-49E51F1140E6}.Release|x64.ActiveCfg = Release|Win32
		{BDC7D21D-9FD9-41AA-BEC8-8B70E1448C50}.Debug|Win32.ActiveCfg = Debug|Win32
		{BDC7D21D-9FD9-41AA-BEC8-8B70E1448C50}.Debug|Win32.Build.0 = Debug|Win32
		{BDC7D21D-9FD9-41AA-BEC8-8B70E1448C50}.Debug|x64.ActiveCfg = Debug|Win32
		{BDC7D21D-9FD9-41AA-BEC8-8B70E1448C50}.Release|Win32.ActiveCfg = Release|Win32
		{BDC7D21D-9FD9-41AA-BEC8-8B70E1448C50}.Release|Win32.Build.0 = Release|Win32
		{BDC7D21D-9FD9-41AA-BEC8-8B70E1448C50}.Release|x64.ActiveCfg = Release|Win32
		{00700E12-A63B-4E54-B962-4011A90584BD}.Debug|Win32.ActiveCfg = Debug|Win32
		{00700E12-A63B-4E54-B962-4011A90584BD}.Debug|Win32.Build.0 = Debug|Win32
		{00700E12-A63B-4E54-B962-4011A90584BD}.Debug|x64.ActiveCfg = Debug|Win32
		{00700E12-A63B-4E54-B962-4011A90584BD}.Release|Win32.ActiveCfg = Release|Win32
		{00700E12-A63B-4E54-B962-4011A90584BD}.Release|Win32.Build.0 = Release|Win32
		{00700E12-A63B-4E54-B962-4011A90584BD}.Release|x64.ActiveCfg = Release|Win32
		{A81DC727-4D0A-4CF8-AC14-021FFF6C1E1C}.Debug|Win32.ActiveCfg = Debug|Win32
		{A81DC727-4D0A-4CF8-AC14-021FFF6C1E1C}.Debug|Win32.Build.0 = Debug|Win32
		{A81DC727-4D0A-4CF8-AC14-021FFF6C1E1C}.Debug|x64.ActiveCfg = Debug|Win32
		{A81DC727-4D0A-4CF8-AC14-021FFF6C1E1C}.Release|Win32.ActiveCfg = Release|Win32
		{A81DC727-4D0A-4CF8-AC14-021FFF6C1E1C}.Release|Win32.Build.0 = Release|Win32
		{A81DC727-4D0A-4CF8-AC14-021FFF6C1E1C}.Release|x64.ActiveCfg = Release|Win32
		{6C839B8E-2C7D-4725-8765-D6C0C10DBC06}.Debug|Win32.ActiveCfg = Debug|Win32
		{6C839B8E-2C7D-4725-8765-D6C0C10DBC06}.Debug|Win32.Build.0 = Debug|Win32
		{6C839B8E-2C7D-4725-8765-D6C0C10DBC06}.Debug|x64.ActiveCfg = Debug|Win32
		{6C839B8E-2C7D-4725-8765-D6C0C10DBC06}.Release|Win32.ActiveCfg = Release|Win32
		{6C839B8E-2C7D-4725-8765-D6C0C10DBC06}.Release|Win32.Build.0 = Release|Win32
		{6C839B8E-2C7D-4725-8765-D6C0C10DBC06}.Release|x64.ActiveCfg = Release|Win32
		{74C9642E-1988-48DC-8404-11717C355378}.Debug|Win32.ActiveCfg = Debug|Win32
		{74C9642E-1988-48DC-8404-11717C355378}.Debug|Win32.Build.0 = Debug|Win32
		{74C9642E-1988-48DC-8404-11717C355378}.Debug|x64.ActiveCfg = Debug|Win32
		{74C9642E-1988-48DC-8404-11717C355378}.Release|Win32.ActiveCfg = Release|Win32
		{74C9642E-1988-48DC-8404-11717C355378}.Release|Win32.Build.0 = Release|Win32
		{74C9642E-1988-48DC-8404-11717C355378}.Release|x64.ActiveCfg = Release|Win32
		{5ACBDC4B-75D8-49DC-926F-F6F2CC7F3F99}.Debug|Win32.ActiveCfg = Debug|Win32
		{5ACBDC4B-75D8-49DC-926F-F6F2CC7F3F99}.Debug|Win32.Build.0 = Debug|Win32
		{5ACBDC4B-75D8-49DC-926F-F6F2CC7F3F99}.Debug|x64.ActiveCfg = Debug|Win32
		{5ACBDC4B-75D8-49DC-926F-F6F2CC7F3F99}.Release|Win32.ActiveCfg = Release|Win32
		{5ACBDC4B-75D8-49DC-926F-F6F2CC7F3F99}.Release|Win32.Build.0 = Release|Win32
		{5ACBDC4B-75D8-49DC-926F-F6F2CC7F3F99}.Release|x64.ActiveCfg = Release|Win32
		{034B992A-F669-4AC3-B462-49179731066F}.Debug|Win32.ActiveCfg = Debug|Win32
		{034B992A-F669-4AC3-B462-49179731066F}.Debug|Win32.Build.0 = Debug|Win32
		{034B992A-F669-4AC3-B462-49179731066F}.Debug|x64.ActiveCfg = Debug|Win32
		{034B992A-F669-4AC3-B462-49179731066F}.Release|Win32.ActiveCfg = Release|Win32
		{034B992A-F669-4AC3-B462-49179731066F}.Release|Win32.Build.0 = Release|Win32
		{034B992A-F669-4AC3-B462-49179731066F}.Release|x64.ActiveCfg = Release|Win32
		{F3A72A50-E295-49BA-ACD7-8696907E0351}.Debug|Win32.ActiveCfg = Debug|Win32
		{F3A72A50-E295-49BA-ACD7-8696907E0351}.Debug|Win32.Build.0 = Debug|Win32
		{F3A72A50-E295-49BA-ACD7-8696907E0351}.Debug|x64.ActiveCfg = Debug|Win32
		{F3A72A50-E295-49BA-ACD7-8696907E0351}.Release|Win32.ActiveCfg = Release|Win32
		{F3A72A50-E295-49BA-ACD7-8696907E0351}.Release|Win32.Build.0 = Release|Win32
		{F3A72A50-E295-49BA-ACD7-8696907E0351}.Release|x64.ActiveCfg = Release|Win32
		{A55ACC6B-837D-4784-8E41-66947B1D9B8C}.Debug|Win32.ActiveCfg = Debug|Win32
		{A55ACC6B-837D-4784-8E41-66947B1D9B8C}.Debug|Win32.Build.0 = Debug|Win32
		{A55ACC6B-837D-4784-8E41-66947B1D9B8C}.Debug|x64.ActiveCfg = Debug|Win32
		{A55ACC6B-837D-4784-8E41-66947B1D9B8C}.Release|Win32.ActiveCfg = Release|Win32
		{A55ACC6B-837D-4784-8E41-66947B1D9B8C}.Release|Win32.Build.0 = Release|Win32
		{A55ACC6B-837D-4784-8E41-66947B1D9B8C}.Release|x64.ActiveCfg = Release|Win32
		{F9E6874D-60A8-49BA-9393-A2105E63ABCF}.Debug|Win32.ActiveCfg = Debug|Win32
		{F9E6874D-60A8-49BA-9393-A2105E63ABCF}.Debug|Win32.Build.0 = Debug|Win32
		{F9E6874D-60A8-49BA-9393-A2105E63ABCF}.Debug|x64.ActiveCfg = Debug|Win32
		{F9E6874D-60A8-49BA-9393-A2105E63ABCF}.Release|Win32.ActiveCfg = Release|Win32
		{F9E6874D-60A8-49BA-9393-A2105E63ABCF}.Release|Win32.Build.0 = Release|Win32
		{F9E6874D-60A8-49BA-9393-A2105E63ABCF}.Release|x64.ActiveCfg = Release|Win32
		{848DCDD6-7142-4507-A75A-6872A9256F3F}.Debug|Win32.ActiveCfg = Debug|Win32
		{848DCDD6-7142-4507-A75A-6872A9256F3F}.Debug|Win32.Build.0 = Debug|Win32
		{848DCDD6-7142-4507-A75A-6872A9256F3F}.Debug|x64.ActiveCfg = Debug|Win32
		{848DCDD6-7142-4507-A75A-6872A9256F3F}.Release|Win32.ActiveCfg = Release|Win32
		{848DCDD6-7142-4507-A75A-6872A9256F3F}.Release|Win32.Build.0 = Release|Win32
		{848DCDD6-7142-4507-A75A-6872A9256F3F}.Release|x64.ActiveCfg = Release|Win32
		{AAE3A937-C7CA-4A43-BCFC-C39C253820CC}.Debug|Win32.ActiveCfg = Debug|Win32
		{AAE3A937-C7CA-4A43-BCFC-C39C253820CC}.Debug|Win32.Build.0 = Debug|Win32
		{AAE3A937-C7CA-4A43-BCFC-C39C253820CC}.Debug|x64.ActiveCfg = Debug|Win32
		{AAE3A937-C7CA-4A43-BCFC-C39C253820CC}.Release|Win32.ActiveCfg = Release|Win32
		{AAE3A937-C7CA-4A43-BCFC-C39C253820CC}.Release|Win32.Build.0 = Release|Win32
		{AAE3A937-C7CA-4A43-BCFC-C39C253820CC}.Release|x64.ActiveCfg = Release|Win32
		{D31D6BEB-0285-47CF-9817-F8AD2CFDF0E8}.Debug|Win32.ActiveCfg = Debug|Win32
		{D31D6BEB-0285-47CF-9817-F8AD2CFDF0E8}.Debug|Win32.Build.0 = Debug|Win32
		{D31D6BEB-0285-47CF-9817-F8AD2CFDF0E8}.Debug|x64.ActiveCfg = Debug|Win32
		{D31D6BEB-0285-47CF-9817-F8AD2CFDF0E8}.Release|Win32.ActiveCfg = Release|Win32
		{D31D6BEB-0285-47CF-9817-F8AD2CFDF0E8}.Release|Win32.Build.0 = Release|Win32
		{D31D6BEB-0285-47CF-9817-F8AD2CFDF0E8}.Release|x64.ActiveCfg = Release|Win32
		{8D24D95E-3C4E-4DC5-ABEF-C35C938C2EBB}.Debug|Win32.ActiveCfg = Debug|Win32
		{8D24D95E-3C4E-4DC5-ABEF-C35C938C2EBB}.Debug|Win32.Build.0 = Debug|Win32
		{8D24D95E-3C4E-4DC5-ABEF-C35C938C2EBB}.Debug|x64.ActiveCfg = Debug|Win32
		{8D24D95E-3C4E-4DC5-ABEF-C35C938C2EBB}.Release|Win32.ActiveCfg = Release|Win32
		{8D24D95E-3C4E-4DC5-ABEF-C35C938C2EBB}.Release|Win32.Build.0 = Release|Win32
		{8D24D95E-3C4E-4DC5-ABEF-C35C938C2EBB}.Release|x64.ActiveCfg = Release|Win32
		{6C67B057-CE98-4732-AABF-0E374C718815}.Debug|Win32.ActiveCfg = Debug|Win32
		{6C67B057-CE98-4732-AABF-0E374C718815}.Debug|Win32.Build.0 = Debug|Win32
		{6C67B057-CE98-4732-AABF-0E374C718815}.Debug|x64.ActiveCfg = Debug|Win32
		{6C67B057-CE98-4732-AABF-0E374C718815}.Release|Win32.ActiveCfg = Release|Win32
		{6C67B057-CE98-4732-AABF-0E374C718815}.Release|Win32.Build.0 = Release|Win32
		{6C67B057-CE98-4732-AABF-0E374C718815}.Release|x64.ActiveCfg = Release|Win32
		{D1C528B6-AA02-4D29-9D61-DC08E317A70D}.Debug|Win32.ActiveCfg = Debug|Win32
		{D1C528B6-AA02-4D29-9D61-DC08E317A70D}.Debug|Win32.Build.0 = Debug|Win32
		{D1C528B6-AA02-4D29-9D61-DC08E317A70D}.Debug|x64.ActiveCfg = Debug|Win32
		{D1C528B6-AA02-4D29-9D61-DC08E317A70D}.Release|Win32.ActiveCfg = Release|Win32
		{D1C528B6-AA02-4D29-9D61-DC08E317A70D}.Release|Win32.Build.0 = Release|Win32
		{D1C528B6-AA02-4D29-9D61-DC08E317A70D}.Release|x64.ActiveCfg = Release|Win32
		{DB826A81-E848-4E39-BE17-E779A49E2960}.Debug|Win32.ActiveCfg = Debug|Win32
		{DB826A81-E848-4E39-BE17-E779A49E2960}.Debug|Win32.Build.0 = Debug|Win32
		{DB826A81-E848-4E39-BE17-E779A49E2960}.Debug|x64.ActiveCfg = Debug|Win32
		{DB826A81-E848-4E39-BE17-E779A49E2960}.Release|Win32.ActiveCfg = Release|Win32
		{DB826A81-E848-4E39-BE17-E779A49E2960}.Release|Win32.Build.0 = Release|Win32
		{DB826A81-E848-4E39-BE17-E779A49E2960}.Release|x64.ActiveCfg = Release|Win32
		{F9F3E7B6-EF4C-4BD8-A921-3DE4C4268945}.Debug|Win32.ActiveCfg = Debug|Win32
		{F9F3E7B6-EF4C-4BD8-A921-3DE4C4268945}.Debug|Win32.Build.0 = Debug|Win32
		{F9F3E7B6-EF4C-4BD8-A921-3DE4C4268945}.Debug|x64.ActiveCfg = Debug|Win32
		{F9F3E7B6-EF4C-4BD8-A921-3DE4C4268945}.Release|Win32.ActiveCfg = Release|Win32
		{F9F3E7B6-EF4C-4BD8-A921-3DE4C4268945}.Release|Win32.Build.0 = Release|Win32
		{F9F3E7B6-EF4C-4BD8-A921-3DE4C4268945}.Release|x64.ActiveCfg = Release|Win32
		{6834B003-2511-4745-818D-F418E87DD941}.Debug|Win32.ActiveCfg = Debug|Win32
		{6834B003-2511-4745-818D-F418E87DD941}.Debug|Win32.Build.0 = Debug|Win32
		{6834B003-2511-4745-818D-F418E87DD941}.Debug|x64.ActiveCfg = Debug|Win32
		{6834B003-2511-4745-818D-F418E87DD941}.Release|Win32.ActiveCfg = Release|Win32
		{6834B003-2511-4745-818D-F418E87DD941}.Release|Win32.Build.0 = Release|Win32
		{6834B003-2511-4745-818D-F418E87DD941}.Release|x64.ActiveCfg = Release|Win32
	EndGlobalSection
	GlobalSection(SolutionProperties) = preSolution
		HideSolutionNode = FALSE
	EndGlobalSection
EndGlobal
