<?xml version="1.0" encoding="utf-8"?>
<Project ToolsVersion="4.0" xmlns="http://schemas.microsoft.com/developer/msbuild/2003">
  <ItemGroup>
    <ClCompile Include="..\..\src\client.cpp" />
    <ClCompile Include="..\..\src\fileOps.cpp" />
    <ClCompile Include="..\..\src\pvrclient-mythtv.cpp" />
    <ClCompile Include="..\..\src\cppmyth\MythChannel.cpp">
      <Filter>cppmyth</Filter>
    </ClCompile>
    <ClCompile Include="..\..\src\cppmyth\MythConnection.cpp">
      <Filter>cppmyth</Filter>
    </ClCompile>
    <ClCompile Include="..\..\src\cppmyth\MythDatabase.cpp">
      <Filter>cppmyth</Filter>
    </ClCompile>
    <ClCompile Include="..\..\src\cppmyth\MythEventHandler.cpp">
      <Filter>cppmyth</Filter>
    </ClCompile>
    <ClCompile Include="..\..\src\cppmyth\MythFile.cpp">
      <Filter>cppmyth</Filter>
    </ClCompile>
    <ClCompile Include="..\..\src\cppmyth\MythProgramInfo.cpp">
      <Filter>cppmyth</Filter>
    </ClCompile>
    <ClCompile Include="..\..\src\cppmyth\MythRecorder.cpp">
      <Filter>cppmyth</Filter>
    </ClCompile>
    <ClCompile Include="..\..\src\cppmyth\MythSignal.cpp">
      <Filter>cppmyth</Filter>
    </ClCompile>
    <ClCompile Include="..\..\src\cppmyth\MythTimestamp.cpp">
      <Filter>cppmyth</Filter>
    </ClCompile>
    <ClCompile Include="..\..\src\cppmyth\MythStorageGroupFile.cpp">
      <Filter>cppmyth</Filter>
    </ClCompile>
    <ClCompile Include="..\..\src\categories.cpp" />
    <ClCompile Include="..\..\src\cppmyth\MythRecordingRule.cpp">
      <Filter>cppmyth</Filter>
    </ClCompile>
    <ClCompile Include="..\..\src\cppmyth\MythEPGInfo.cpp">
      <Filter>cppmyth</Filter>
    </ClCompile>
  </ItemGroup>
  <ItemGroup>
    <ClInclude Include="..\..\src\client.h" />
    <ClInclude Include="..\..\src\cppmyth.h" />
    <ClInclude Include="..\..\src\fileOps.h" />
    <ClInclude Include="..\..\src\pvrclient-mythtv.h" />
    <ClInclude Include="..\..\src\tools.h" />
    <ClInclude Include="..\..\src\cppmyth\MythTimestamp.h">
      <Filter>cppmyth</Filter>
    </ClInclude>
    <ClInclude Include="..\..\src\cppmyth\MythChannel.h">
      <Filter>cppmyth</Filter>
    </ClInclude>
    <ClInclude Include="..\..\src\cppmyth\MythConnection.h">
      <Filter>cppmyth</Filter>
    </ClInclude>
    <ClInclude Include="..\..\src\cppmyth\MythDatabase.h">
      <Filter>cppmyth</Filter>
    </ClInclude>
    <ClInclude Include="..\..\src\cppmyth\MythEventHandler.h">
      <Filter>cppmyth</Filter>
    </ClInclude>
    <ClInclude Include="..\..\src\cppmyth\MythFile.h">
      <Filter>cppmyth</Filter>
    </ClInclude>
    <ClInclude Include="..\..\src\cppmyth\MythPointer.h">
      <Filter>cppmyth</Filter>
    </ClInclude>
    <ClInclude Include="..\..\src\cppmyth\MythProgramInfo.h">
      <Filter>cppmyth</Filter>
    </ClInclude>
    <ClInclude Include="..\..\src\cppmyth\MythRecorder.h">
      <Filter>cppmyth</Filter>
    </ClInclude>
    <ClInclude Include="..\..\src\cppmyth\MythSignal.h">
      <Filter>cppmyth</Filter>
    </ClInclude>
    <ClInclude Include="..\..\src\cppmyth\MythStorageGroupFile.h">
      <Filter>cppmyth</Filter>
    </ClInclude>
    <ClInclude Include="..\..\src\categories.h" />
    <ClInclude Include="..\..\src\cppmyth\MythRecordingRule.h">
      <Filter>cppmyth</Filter>
    </ClInclude>
    <ClInclude Include="..\..\src\cppmyth\MythEPGInfo.h">
      <Filter>cppmyth</Filter>
    </ClInclude>
  </ItemGroup>
  <ItemGroup>
    <Filter Include="cppmyth">
      <UniqueIdentifier>{4070db56-7473-4105-a341-fadd71cb2c4e}</UniqueIdentifier>
    </Filter>
    <Filter Include="addon">
      <UniqueIdentifier>{a9c2652d-c1dd-4836-a42d-bc5e6db7b5a0}</UniqueIdentifier>
    </Filter>
    <Filter Include="addon\resources">
      <UniqueIdentifier>{e4b481fe-5c99-4cea-a4f4-5301e96a480a}</UniqueIdentifier>
    </Filter>
    <Filter Include="addon\resources\language">
      <UniqueIdentifier>{f0aada70-0bcb-4b23-b953-1ca297413a9e}</UniqueIdentifier>
    </Filter>
    <Filter Include="addon\resources\language\English">
      <UniqueIdentifier>{3ba85d2f-45bc-4080-8895-55949f7f52a7}</UniqueIdentifier>
    </Filter>
  </ItemGroup>
  <ItemGroup>
    <None Include="..\..\addon\changelog.txt">
      <Filter>addon</Filter>
    </None>
    <None Include="..\..\addon\addon.xml.in">
      <Filter>addon</Filter>
    </None>
    <None Include="..\..\addon\resources\settings.xml">
      <Filter>addon\resources</Filter>
    </None>
    <None Include="..\..\addon\resources\language\English\strings.po">
      <Filter>addon\resources\language\English</Filter>
    </None>
  </ItemGroup>
</Project>